// !$*UTF8*$!
{
	archiveVersion = 1;
	classes = {
	};
	objectVersion = 77;
	objects = {

/* Begin PBXBuildFile section */
		000B2ECE74548136F5ACA1F4 /* PlaylistsView.swift in Sources */ = {isa = PBXBuildFile; fileRef = B210703E5EF249635DE046AE /* PlaylistsView.swift */; };
		00B2C34B8394853F21116615 /* IPodDiskIdentifierTests.swift in Sources */ = {isa = PBXBuildFile; fileRef = A077ACC4534A70565AC6B622 /* IPodDiskIdentifierTests.swift */; };
		0183BFA3AF5209C411B41F36 /* LibraryPipelineIntegrationTests.swift in Sources */ = {isa = PBXBuildFile; fileRef = 17FA97DC7618F234BE711AED /* LibraryPipelineIntegrationTests.swift */; };
		027D6C9BFF2A5C75BFBA2FE7 /* MediaSectionView.swift in Sources */ = {isa = PBXBuildFile; fileRef = E01FD2ED5703F8753781BE89 /* MediaSectionView.swift */; };
		04F788FCD4F07563E5750ED9 /* TrackMetadata.swift in Sources */ = {isa = PBXBuildFile; fileRef = D96F62F5D0767305583513FF /* TrackMetadata.swift */; };
		07B5993B76FBF1735ADA8AF2 /* FFmpegTranscoderTests.swift in Sources */ = {isa = PBXBuildFile; fileRef = AE684D9789506522C7BF0228 /* FFmpegTranscoderTests.swift */; };
		09F680A84694ED166E42E622 /* PrivilegedActionSheet.swift in Sources */ = {isa = PBXBuildFile; fileRef = DAC2C915803E2ECA9BD01B52 /* PrivilegedActionSheet.swift */; };
		0B552ACC010F0B14110CB36D /* AMPAgentsGuard.swift in Sources */ = {isa = PBXBuildFile; fileRef = E61823B2E8AA5E3069393A0E /* AMPAgentsGuard.swift */; };
		0D024EF762350292ACCC5474 /* MusicBrainzClient.swift in Sources */ = {isa = PBXBuildFile; fileRef = F23689620B3C26365C6A2E5D /* MusicBrainzClient.swift */; };
		1031FC473EBDA945D4D42AB6 /* AppPreferences.swift in Sources */ = {isa = PBXBuildFile; fileRef = BE8C778BC2609D4718EBBC45 /* AppPreferences.swift */; };
		10EF0307FD5A491426F20395 /* PrivilegedOperationLog.swift in Sources */ = {isa = PBXBuildFile; fileRef = AE8F6F2E2EDB8723F37503FF /* PrivilegedOperationLog.swift */; };
		11CC4D739B622CDD58E486D8 /* EnterDFUView.swift in Sources */ = {isa = PBXBuildFile; fileRef = 7D3754C9E29F0BC93B660592 /* EnterDFUView.swift */; };
		135A255167C64B601EFF2854 /* CoverArtArchiveClient.swift in Sources */ = {isa = PBXBuildFile; fileRef = EAC95668C5FEF76FAC67EE52 /* CoverArtArchiveClient.swift */; };
		14B0C14393E1FF6AC7FACCFF /* AuraPalette.swift in Sources */ = {isa = PBXBuildFile; fileRef = 4F4082F8F8734C49730074C2 /* AuraPalette.swift */; };
		1F8C7964D7763A72A86F1CF1 /* IPodMonitor.swift in Sources */ = {isa = PBXBuildFile; fileRef = 117BF63B29CADB076B19CA27 /* IPodMonitor.swift */; };
		203D6E1800BE63DFE89AB1C8 /* AuraStudioApp.swift in Sources */ = {isa = PBXBuildFile; fileRef = 849AFADBA825BCE5775C3217 /* AuraStudioApp.swift */; };
		206225C0AE68BC4EF3EA9CBF /* LibraryViewModel.swift in Sources */ = {isa = PBXBuildFile; fileRef = 9934433E994EDDAAFB584100 /* LibraryViewModel.swift */; };
		229BC6502A44F54DA47121F9 /* DetectDeviceView.swift in Sources */ = {isa = PBXBuildFile; fileRef = 9EBCF1EF29547CD3B01B5C98 /* DetectDeviceView.swift */; };
		2714D8A1BC0FF1725A03CF14 /* MetadataReviewView.swift in Sources */ = {isa = PBXBuildFile; fileRef = 3F6B6DECD238B8538970C711 /* MetadataReviewView.swift */; };
		2E42011A249AF7A131CF660B /* AuraDevice.swift in Sources */ = {isa = PBXBuildFile; fileRef = 16512FA37AC623A52F006219 /* AuraDevice.swift */; };
		2F898C1996F39319211E9496 /* DoneView.swift in Sources */ = {isa = PBXBuildFile; fileRef = 0116DC50EA8DBAE3B02AE0FB /* DoneView.swift */; };
		31C1B49208706DAD1BB8E579 /* FFmpegTranscoder.swift in Sources */ = {isa = PBXBuildFile; fileRef = DAE64AFF0609F93FC361C6DE /* FFmpegTranscoder.swift */; };
		35AD525641C3EEBF3F3D49BE /* rockbox.ipod in Resources */ = {isa = PBXBuildFile; fileRef = 84780DEDBB3409D2FFE454A0 /* rockbox.ipod */; };
		37963AC2396257E4C78DB6B8 /* IPodDiskIdentifier.swift in Sources */ = {isa = PBXBuildFile; fileRef = 2B7808E74C42090DED30DCD9 /* IPodDiskIdentifier.swift */; };
		397F1385C6FF0BA8618B7956 /* LibrarySyncTests.swift in Sources */ = {isa = PBXBuildFile; fileRef = 1695E842D41B0B6B13805A1E /* LibrarySyncTests.swift */; };
		39A338816342C5D315399C77 /* LRCLIBClient.swift in Sources */ = {isa = PBXBuildFile; fileRef = 2A3A899326AAAF78FF4F60C7 /* LRCLIBClient.swift */; };
		3C55D1529747E73BFE103166 /* SyncPlannerTests.swift in Sources */ = {isa = PBXBuildFile; fileRef = B6A56207E06BF883E789308E /* SyncPlannerTests.swift */; };
		3C783558D1453D0413B42079 /* MusicBrainzRateLimiter.swift in Sources */ = {isa = PBXBuildFile; fileRef = 1290E12A3C253DAFF9B79163 /* MusicBrainzRateLimiter.swift */; };
		3CA0A3911ADDD2EED7918743 /* PrivilegedExecutorTests.swift in Sources */ = {isa = PBXBuildFile; fileRef = 8F0A3F90A397101E33636987 /* PrivilegedExecutorTests.swift */; };
		3D68D3D80AE46A56B0BF89EE /* mks5lboot in Resources */ = {isa = PBXBuildFile; fileRef = BE004499B3409D8B9E5D14ED /* mks5lboot */; };
		3F24271B399390E28A24C5A2 /* DeviceGeneralView.swift in Sources */ = {isa = PBXBuildFile; fileRef = 7E7628837584B290697CA067 /* DeviceGeneralView.swift */; };
		401404E1D0A6D6FFBB155F2C /* ContentView.swift in Sources */ = {isa = PBXBuildFile; fileRef = 14D5A27F7EA14F700832333A /* ContentView.swift */; };
		4B759AD84EC1F5D6DD7ACD26 /* PathSanitizer.swift in Sources */ = {isa = PBXBuildFile; fileRef = 35D5B4EBBD054DC5C0C28307 /* PathSanitizer.swift */; };
		4CE07ED3A6AF6A3EA04D9A2C /* LibraryItem.swift in Sources */ = {isa = PBXBuildFile; fileRef = 62E6C2892E84F33B9EF97D15 /* LibraryItem.swift */; };
		51B2A64027ACA8FC73EB923A /* MKS5LBootRunnerTests.swift in Sources */ = {isa = PBXBuildFile; fileRef = C70AA3068E3596A674879EA8 /* MKS5LBootRunnerTests.swift */; };
		52A43D8ECC2CBF2433EA1B31 /* LibrarySync.swift in Sources */ = {isa = PBXBuildFile; fileRef = 48CC2E3940E0EC5127461CB5 /* LibrarySync.swift */; };
		57300DFC7BAED2805920E29F /* AppIcon.icon in Resources */ = {isa = PBXBuildFile; fileRef = 7C461CE371AB2C341CE751F2 /* AppIcon.icon */; };
		5EDA0D1DF2BC765B8F8D473B /* BundledArtifacts.swift in Sources */ = {isa = PBXBuildFile; fileRef = B8464D5E55C66D32740C7289 /* BundledArtifacts.swift */; };
		62666A4A9BF729B61C851F76 /* ID3WriterTests.swift in Sources */ = {isa = PBXBuildFile; fileRef = FEF3580937C6126B24998BB6 /* ID3WriterTests.swift */; };
		666C116F404FC775C15FFEAD /* AppStrings.swift in Sources */ = {isa = PBXBuildFile; fileRef = A2AFC6DCF7F164C535175071 /* AppStrings.swift */; };
		7128F973A9D8E656F326EB9F /* AuraUpdateChecker.swift in Sources */ = {isa = PBXBuildFile; fileRef = B9961D8C11B7031D474CB9BE /* AuraUpdateChecker.swift */; };
		7F80040C49B6F9BAEC7C4EB4 /* PlaylistExporterTests.swift in Sources */ = {isa = PBXBuildFile; fileRef = 7F307EFCD3106FEFB532DF8E /* PlaylistExporterTests.swift */; };
		87EB236DAA29660FD987218F /* BackContinueRow.swift in Sources */ = {isa = PBXBuildFile; fileRef = 6E5C06E65D1A04EAD003DE49 /* BackContinueRow.swift */; };
		8AD67D72A40880D5F0293335 /* SourcesSettingsView.swift in Sources */ = {isa = PBXBuildFile; fileRef = 81FFE23337526451A7CC91E9 /* SourcesSettingsView.swift */; };
		8C2ED0BC3B41CA56C08D20E8 /* LibrarySyncMusicPathTests.swift in Sources */ = {isa = PBXBuildFile; fileRef = 8F2CDF7B36135811140A2B3E /* LibrarySyncMusicPathTests.swift */; };
		91FE918C092C1349381F3D67 /* PlaylistExporter.swift in Sources */ = {isa = PBXBuildFile; fileRef = 0E68A879A0F3418A7220030C /* PlaylistExporter.swift */; };
		94C6E0F1AA6F37EF6B4CB32A /* ImageResizer.swift in Sources */ = {isa = PBXBuildFile; fileRef = 3DC865282F8B113716D7C3AF /* ImageResizer.swift */; };
		982F00F48C834DC4C0F57A3A /* MusicBrainzRateLimiterTests.swift in Sources */ = {isa = PBXBuildFile; fileRef = B0E14855D7F760E14EB547DE /* MusicBrainzRateLimiterTests.swift */; };
		998B6DF4B6AC0FEE21284A8E /* bootloader-ipod6g.ipod in Resources */ = {isa = PBXBuildFile; fileRef = 233A4D4A9FEE1391D6CAAE63 /* bootloader-ipod6g.ipod */; };
		9C53C3873A4C5F484CCC3858 /* InstallerViewModel.swift in Sources */ = {isa = PBXBuildFile; fileRef = 3EBEB24F597D3C9B609AC775 /* InstallerViewModel.swift */; };
		9CEBAACAA11BE3313233D7ED /* InstallerWizardView.swift in Sources */ = {isa = PBXBuildFile; fileRef = 1D4862DCA99696DCB66D2012 /* InstallerWizardView.swift */; };
		9FDD21617909191BB7E9B9CE /* MKS5LBootRunner.swift in Sources */ = {isa = PBXBuildFile; fileRef = 722702AD0F209BDEA893FA8D /* MKS5LBootRunner.swift */; };
		A70B8FE54D8521EEBAB23BBB /* InstallerStep.swift in Sources */ = {isa = PBXBuildFile; fileRef = 43B9358C341DF6C281F2636B /* InstallerStep.swift */; };
		A801BD6910D0A5909C8AF4C1 /* SettingsSectionView.swift in Sources */ = {isa = PBXBuildFile; fileRef = F52FF3A536F1C7FAFB6822B6 /* SettingsSectionView.swift */; };
		A97401AE31F2CC10AB44DDCD /* CatalogSummaryWriterTests.swift in Sources */ = {isa = PBXBuildFile; fileRef = AC0636DEF76695EC784AFCE2 /* CatalogSummaryWriterTests.swift */; };
		ABAA0A8B49C9C4BA781A5A09 /* CatalogSummary.swift in Sources */ = {isa = PBXBuildFile; fileRef = FC202F1A3D9164B1E6014A84 /* CatalogSummary.swift */; };
		B1845030E08621FDF34358FA /* DiskArbitrationMonitor.swift in Sources */ = {isa = PBXBuildFile; fileRef = 638FD209E9AF6417EE51ABC7 /* DiskArbitrationMonitor.swift */; };
		B3674CA82A35D45F26989B93 /* LibraryEnricher.swift in Sources */ = {isa = PBXBuildFile; fileRef = 206063864F8205232A3581AE /* LibraryEnricher.swift */; };
		B8DE9892192CAACED7ECC3BD /* RestoreHandoffView.swift in Sources */ = {isa = PBXBuildFile; fileRef = F527FF44025F6464CEC83FD6 /* RestoreHandoffView.swift */; };
		B9F991F96D02DF1AD4B32042 /* ID3Writer.swift in Sources */ = {isa = PBXBuildFile; fileRef = D282E9DFA0D773AF988E69E5 /* ID3Writer.swift */; };
		BB4E4B852CE6983C0E856BBA /* InstallerHomeView.swift in Sources */ = {isa = PBXBuildFile; fileRef = AC5F915258EC049BFC791B90 /* InstallerHomeView.swift */; };
		BC30BF47ADCC5F66B79045A1 /* LiveEnrichmentIntegrationTests.swift in Sources */ = {isa = PBXBuildFile; fileRef = E7EDF2D22E970198CC8A5C1B /* LiveEnrichmentIntegrationTests.swift */; };
		BD5FCF9DC5CB88162B2673C0 /* InstallingView.swift in Sources */ = {isa = PBXBuildFile; fileRef = B1782D4EBAA2C3FC3EBC49F5 /* InstallingView.swift */; };
		BD809465DDDA7B9453FDAB86 /* FilenameGuesserTests.swift in Sources */ = {isa = PBXBuildFile; fileRef = 37BA124E3419E12A08D4AADC /* FilenameGuesserTests.swift */; };
		C3AD25FC7C3C2CE8C2F3AD6F /* BundledArtifactsTests.swift in Sources */ = {isa = PBXBuildFile; fileRef = D178914E2E046B794D31DB18 /* BundledArtifactsTests.swift */; };
		C3ED448AEE28EACD02E4E2CC /* LibraryPersistence.swift in Sources */ = {isa = PBXBuildFile; fileRef = 093B5EA51C45529C66A3640F /* LibraryPersistence.swift */; };
		C6CF154C89DCC0132D58E648 /* AppDelegate.swift in Sources */ = {isa = PBXBuildFile; fileRef = 23AD4FC67C48B4550BD7554E /* AppDelegate.swift */; };
		C76F4EF9962D5866CA044718 /* checksums.txt in Resources */ = {isa = PBXBuildFile; fileRef = 2F9BF12646626E5E5CFC2BFD /* checksums.txt */; };
		CD9B6AC91C5AECCDB4A6DC44 /* AuraDeviceProbe.swift in Sources */ = {isa = PBXBuildFile; fileRef = D3F0CDAA153138813C9AF84E /* AuraDeviceProbe.swift */; };
		D0949902B40FBA74F1D9D0D6 /* BootModeView.swift in Sources */ = {isa = PBXBuildFile; fileRef = F462D2B7F9707F077FC4D782 /* BootModeView.swift */; };
		D4AD421F984F0CACB047168D /* PrivilegedExecutor.swift in Sources */ = {isa = PBXBuildFile; fileRef = 22A9408836FAEA82165D554C /* PrivilegedExecutor.swift */; };
		D8363DAB3183238539D733A5 /* AuraDeviceProbeTests.swift in Sources */ = {isa = PBXBuildFile; fileRef = 72773374D5D4C62732AA92F3 /* AuraDeviceProbeTests.swift */; };
		D97EFA41FAC51A50DC04A8F4 /* Playlist.swift in Sources */ = {isa = PBXBuildFile; fileRef = A92C5F3EC062AD8FA6D8B4FA /* Playlist.swift */; };
		D99E5C4BE2135ED2B2CDDFEE /* DeviceState.swift in Sources */ = {isa = PBXBuildFile; fileRef = 5FA85A3E42CB4E67E9DAC4E5 /* DeviceState.swift */; };
		DEAC726F9577D617DFFC7D68 /* PathSanitizerTests.swift in Sources */ = {isa = PBXBuildFile; fileRef = A0CF9C66B5F702F5086AFE98 /* PathSanitizerTests.swift */; };
		E2C4FB72724E22F3BC050329 /* rockbox.zip in Resources */ = {isa = PBXBuildFile; fileRef = DCAB2540DF3D52C88D6005CE /* rockbox.zip */; };
		E617862594C959DC59CE1C8E /* WrongVolumeRegressionTests.swift in Sources */ = {isa = PBXBuildFile; fileRef = 6311C9925925969ED5716A25 /* WrongVolumeRegressionTests.swift */; };
		ECBCFCC6104EA5F8E3F445BF /* WelcomeView.swift in Sources */ = {isa = PBXBuildFile; fileRef = 1AF1D56D4FC12419217F8960 /* WelcomeView.swift */; };
		EEF0D749E12D2A5E082CCC60 /* ExtrasView.swift in Sources */ = {isa = PBXBuildFile; fileRef = 78C8C5A2B4594B410D4C51A4 /* ExtrasView.swift */; };
		F745EA7E70AE91DF77279194 /* PermissionsView.swift in Sources */ = {isa = PBXBuildFile; fileRef = 777383A161FBD9C32BFA6D82 /* PermissionsView.swift */; };
		F826489C2A3E807E5630E15D /* InstallerFlowRegistry.swift in Sources */ = {isa = PBXBuildFile; fileRef = B34640ACD3AC36633502AE41 /* InstallerFlowRegistry.swift */; };
/* End PBXBuildFile section */

/* Begin PBXContainerItemProxy section */
		A9AB83E7359F54A87BF49D74 /* PBXContainerItemProxy */ = {
			isa = PBXContainerItemProxy;
			containerPortal = AC16FD332100051C2317B27E /* Project object */;
			proxyType = 1;
			remoteGlobalIDString = A458A7ACC2A617A8909ADE93;
			remoteInfo = AuraStudio;
		};
/* End PBXContainerItemProxy section */

/* Begin PBXFileReference section */
		0116DC50EA8DBAE3B02AE0FB /* DoneView.swift */ = {isa = PBXFileReference; lastKnownFileType = sourcecode.swift; path = DoneView.swift; sourceTree = "<group>"; };
		093B5EA51C45529C66A3640F /* LibraryPersistence.swift */ = {isa = PBXFileReference; lastKnownFileType = sourcecode.swift; path = LibraryPersistence.swift; sourceTree = "<group>"; };
		0E68A879A0F3418A7220030C /* PlaylistExporter.swift */ = {isa = PBXFileReference; lastKnownFileType = sourcecode.swift; path = PlaylistExporter.swift; sourceTree = "<group>"; };
		117BF63B29CADB076B19CA27 /* IPodMonitor.swift */ = {isa = PBXFileReference; lastKnownFileType = sourcecode.swift; path = IPodMonitor.swift; sourceTree = "<group>"; };
		1290E12A3C253DAFF9B79163 /* MusicBrainzRateLimiter.swift */ = {isa = PBXFileReference; lastKnownFileType = sourcecode.swift; path = MusicBrainzRateLimiter.swift; sourceTree = "<group>"; };
		14D5A27F7EA14F700832333A /* ContentView.swift */ = {isa = PBXFileReference; lastKnownFileType = sourcecode.swift; path = ContentView.swift; sourceTree = "<group>"; };
		16512FA37AC623A52F006219 /* AuraDevice.swift */ = {isa = PBXFileReference; lastKnownFileType = sourcecode.swift; path = AuraDevice.swift; sourceTree = "<group>"; };
		1695E842D41B0B6B13805A1E /* LibrarySyncTests.swift */ = {isa = PBXFileReference; lastKnownFileType = sourcecode.swift; path = LibrarySyncTests.swift; sourceTree = "<group>"; };
		17FA97DC7618F234BE711AED /* LibraryPipelineIntegrationTests.swift */ = {isa = PBXFileReference; lastKnownFileType = sourcecode.swift; path = LibraryPipelineIntegrationTests.swift; sourceTree = "<group>"; };
		1AF1D56D4FC12419217F8960 /* WelcomeView.swift */ = {isa = PBXFileReference; lastKnownFileType = sourcecode.swift; path = WelcomeView.swift; sourceTree = "<group>"; };
		1D4862DCA99696DCB66D2012 /* InstallerWizardView.swift */ = {isa = PBXFileReference; lastKnownFileType = sourcecode.swift; path = InstallerWizardView.swift; sourceTree = "<group>"; };
		206063864F8205232A3581AE /* LibraryEnricher.swift */ = {isa = PBXFileReference; lastKnownFileType = sourcecode.swift; path = LibraryEnricher.swift; sourceTree = "<group>"; };
		22A9408836FAEA82165D554C /* PrivilegedExecutor.swift */ = {isa = PBXFileReference; lastKnownFileType = sourcecode.swift; path = PrivilegedExecutor.swift; sourceTree = "<group>"; };
		233A4D4A9FEE1391D6CAAE63 /* bootloader-ipod6g.ipod */ = {isa = PBXFileReference; path = "bootloader-ipod6g.ipod"; sourceTree = "<group>"; };
		23AD4FC67C48B4550BD7554E /* AppDelegate.swift */ = {isa = PBXFileReference; lastKnownFileType = sourcecode.swift; path = AppDelegate.swift; sourceTree = "<group>"; };
		2A3A899326AAAF78FF4F60C7 /* LRCLIBClient.swift */ = {isa = PBXFileReference; lastKnownFileType = sourcecode.swift; path = LRCLIBClient.swift; sourceTree = "<group>"; };
		2B7808E74C42090DED30DCD9 /* IPodDiskIdentifier.swift */ = {isa = PBXFileReference; lastKnownFileType = sourcecode.swift; path = IPodDiskIdentifier.swift; sourceTree = "<group>"; };
		2F9BF12646626E5E5CFC2BFD /* checksums.txt */ = {isa = PBXFileReference; lastKnownFileType = text; path = checksums.txt; sourceTree = "<group>"; };
		35D5B4EBBD054DC5C0C28307 /* PathSanitizer.swift */ = {isa = PBXFileReference; lastKnownFileType = sourcecode.swift; path = PathSanitizer.swift; sourceTree = "<group>"; };
		37BA124E3419E12A08D4AADC /* FilenameGuesserTests.swift */ = {isa = PBXFileReference; lastKnownFileType = sourcecode.swift; path = FilenameGuesserTests.swift; sourceTree = "<group>"; };
		3DC865282F8B113716D7C3AF /* ImageResizer.swift */ = {isa = PBXFileReference; lastKnownFileType = sourcecode.swift; path = ImageResizer.swift; sourceTree = "<group>"; };
		3EBEB24F597D3C9B609AC775 /* InstallerViewModel.swift */ = {isa = PBXFileReference; lastKnownFileType = sourcecode.swift; path = InstallerViewModel.swift; sourceTree = "<group>"; };
		3F6B6DECD238B8538970C711 /* MetadataReviewView.swift */ = {isa = PBXFileReference; lastKnownFileType = sourcecode.swift; path = MetadataReviewView.swift; sourceTree = "<group>"; };
		43B9358C341DF6C281F2636B /* InstallerStep.swift */ = {isa = PBXFileReference; lastKnownFileType = sourcecode.swift; path = InstallerStep.swift; sourceTree = "<group>"; };
		48CC2E3940E0EC5127461CB5 /* LibrarySync.swift */ = {isa = PBXFileReference; lastKnownFileType = sourcecode.swift; path = LibrarySync.swift; sourceTree = "<group>"; };
		4F4082F8F8734C49730074C2 /* AuraPalette.swift */ = {isa = PBXFileReference; lastKnownFileType = sourcecode.swift; path = AuraPalette.swift; sourceTree = "<group>"; };
		5FA85A3E42CB4E67E9DAC4E5 /* DeviceState.swift */ = {isa = PBXFileReference; lastKnownFileType = sourcecode.swift; path = DeviceState.swift; sourceTree = "<group>"; };
		62E6C2892E84F33B9EF97D15 /* LibraryItem.swift */ = {isa = PBXFileReference; lastKnownFileType = sourcecode.swift; path = LibraryItem.swift; sourceTree = "<group>"; };
		6311C9925925969ED5716A25 /* WrongVolumeRegressionTests.swift */ = {isa = PBXFileReference; lastKnownFileType = sourcecode.swift; path = WrongVolumeRegressionTests.swift; sourceTree = "<group>"; };
		638FD209E9AF6417EE51ABC7 /* DiskArbitrationMonitor.swift */ = {isa = PBXFileReference; lastKnownFileType = sourcecode.swift; path = DiskArbitrationMonitor.swift; sourceTree = "<group>"; };
		6E5C06E65D1A04EAD003DE49 /* BackContinueRow.swift */ = {isa = PBXFileReference; lastKnownFileType = sourcecode.swift; path = BackContinueRow.swift; sourceTree = "<group>"; };
		722702AD0F209BDEA893FA8D /* MKS5LBootRunner.swift */ = {isa = PBXFileReference; lastKnownFileType = sourcecode.swift; path = MKS5LBootRunner.swift; sourceTree = "<group>"; };
		72773374D5D4C62732AA92F3 /* AuraDeviceProbeTests.swift */ = {isa = PBXFileReference; lastKnownFileType = sourcecode.swift; path = AuraDeviceProbeTests.swift; sourceTree = "<group>"; };
		777383A161FBD9C32BFA6D82 /* PermissionsView.swift */ = {isa = PBXFileReference; lastKnownFileType = sourcecode.swift; path = PermissionsView.swift; sourceTree = "<group>"; };
		78C8C5A2B4594B410D4C51A4 /* ExtrasView.swift */ = {isa = PBXFileReference; lastKnownFileType = sourcecode.swift; path = ExtrasView.swift; sourceTree = "<group>"; };
		7C461CE371AB2C341CE751F2 /* AppIcon.icon */ = {isa = PBXFileReference; lastKnownFileType = wrapper.icon; path = AppIcon.icon; sourceTree = "<group>"; };
		7D3754C9E29F0BC93B660592 /* EnterDFUView.swift */ = {isa = PBXFileReference; lastKnownFileType = sourcecode.swift; path = EnterDFUView.swift; sourceTree = "<group>"; };
		7E7628837584B290697CA067 /* DeviceGeneralView.swift */ = {isa = PBXFileReference; lastKnownFileType = sourcecode.swift; path = DeviceGeneralView.swift; sourceTree = "<group>"; };
		7F307EFCD3106FEFB532DF8E /* PlaylistExporterTests.swift */ = {isa = PBXFileReference; lastKnownFileType = sourcecode.swift; path = PlaylistExporterTests.swift; sourceTree = "<group>"; };
		81FFE23337526451A7CC91E9 /* SourcesSettingsView.swift */ = {isa = PBXFileReference; lastKnownFileType = sourcecode.swift; path = SourcesSettingsView.swift; sourceTree = "<group>"; };
		84780DEDBB3409D2FFE454A0 /* rockbox.ipod */ = {isa = PBXFileReference; path = rockbox.ipod; sourceTree = "<group>"; };
		849AFADBA825BCE5775C3217 /* AuraStudioApp.swift */ = {isa = PBXFileReference; lastKnownFileType = sourcecode.swift; path = AuraStudioApp.swift; sourceTree = "<group>"; };
		8F0A3F90A397101E33636987 /* PrivilegedExecutorTests.swift */ = {isa = PBXFileReference; lastKnownFileType = sourcecode.swift; path = PrivilegedExecutorTests.swift; sourceTree = "<group>"; };
		8F2CDF7B36135811140A2B3E /* LibrarySyncMusicPathTests.swift */ = {isa = PBXFileReference; lastKnownFileType = sourcecode.swift; path = LibrarySyncMusicPathTests.swift; sourceTree = "<group>"; };
		942969FD7DB3DE501DDCA57C /* AuraStudio.app */ = {isa = PBXFileReference; explicitFileType = wrapper.application; includeInIndex = 0; path = AuraStudio.app; sourceTree = BUILT_PRODUCTS_DIR; };
		9934433E994EDDAAFB584100 /* LibraryViewModel.swift */ = {isa = PBXFileReference; lastKnownFileType = sourcecode.swift; path = LibraryViewModel.swift; sourceTree = "<group>"; };
		9EBCF1EF29547CD3B01B5C98 /* DetectDeviceView.swift */ = {isa = PBXFileReference; lastKnownFileType = sourcecode.swift; path = DetectDeviceView.swift; sourceTree = "<group>"; };
		A077ACC4534A70565AC6B622 /* IPodDiskIdentifierTests.swift */ = {isa = PBXFileReference; lastKnownFileType = sourcecode.swift; path = IPodDiskIdentifierTests.swift; sourceTree = "<group>"; };
		A0CF9C66B5F702F5086AFE98 /* PathSanitizerTests.swift */ = {isa = PBXFileReference; lastKnownFileType = sourcecode.swift; path = PathSanitizerTests.swift; sourceTree = "<group>"; };
		A2AFC6DCF7F164C535175071 /* AppStrings.swift */ = {isa = PBXFileReference; lastKnownFileType = sourcecode.swift; path = AppStrings.swift; sourceTree = "<group>"; };
		A92C5F3EC062AD8FA6D8B4FA /* Playlist.swift */ = {isa = PBXFileReference; lastKnownFileType = sourcecode.swift; path = Playlist.swift; sourceTree = "<group>"; };
		AC0636DEF76695EC784AFCE2 /* CatalogSummaryWriterTests.swift */ = {isa = PBXFileReference; lastKnownFileType = sourcecode.swift; path = CatalogSummaryWriterTests.swift; sourceTree = "<group>"; };
		AC5F915258EC049BFC791B90 /* InstallerHomeView.swift */ = {isa = PBXFileReference; lastKnownFileType = sourcecode.swift; path = InstallerHomeView.swift; sourceTree = "<group>"; };
		AE684D9789506522C7BF0228 /* FFmpegTranscoderTests.swift */ = {isa = PBXFileReference; lastKnownFileType = sourcecode.swift; path = FFmpegTranscoderTests.swift; sourceTree = "<group>"; };
		AE8F6F2E2EDB8723F37503FF /* PrivilegedOperationLog.swift */ = {isa = PBXFileReference; lastKnownFileType = sourcecode.swift; path = PrivilegedOperationLog.swift; sourceTree = "<group>"; };
		B0E14855D7F760E14EB547DE /* MusicBrainzRateLimiterTests.swift */ = {isa = PBXFileReference; lastKnownFileType = sourcecode.swift; path = MusicBrainzRateLimiterTests.swift; sourceTree = "<group>"; };
		B1782D4EBAA2C3FC3EBC49F5 /* InstallingView.swift */ = {isa = PBXFileReference; lastKnownFileType = sourcecode.swift; path = InstallingView.swift; sourceTree = "<group>"; };
		B210703E5EF249635DE046AE /* PlaylistsView.swift */ = {isa = PBXFileReference; lastKnownFileType = sourcecode.swift; path = PlaylistsView.swift; sourceTree = "<group>"; };
		B34640ACD3AC36633502AE41 /* InstallerFlowRegistry.swift */ = {isa = PBXFileReference; lastKnownFileType = sourcecode.swift; path = InstallerFlowRegistry.swift; sourceTree = "<group>"; };
		B6A56207E06BF883E789308E /* SyncPlannerTests.swift */ = {isa = PBXFileReference; lastKnownFileType = sourcecode.swift; path = SyncPlannerTests.swift; sourceTree = "<group>"; };
		B8464D5E55C66D32740C7289 /* BundledArtifacts.swift */ = {isa = PBXFileReference; lastKnownFileType = sourcecode.swift; path = BundledArtifacts.swift; sourceTree = "<group>"; };
		B9961D8C11B7031D474CB9BE /* AuraUpdateChecker.swift */ = {isa = PBXFileReference; lastKnownFileType = sourcecode.swift; path = AuraUpdateChecker.swift; sourceTree = "<group>"; };
		B9DF8DDA314F0AC41C9B3ECE /* AuraStudioTests.xctest */ = {isa = PBXFileReference; explicitFileType = wrapper.cfbundle; includeInIndex = 0; path = AuraStudioTests.xctest; sourceTree = BUILT_PRODUCTS_DIR; };
		BE004499B3409D8B9E5D14ED /* mks5lboot */ = {isa = PBXFileReference; path = mks5lboot; sourceTree = "<group>"; };
		BE8C778BC2609D4718EBBC45 /* AppPreferences.swift */ = {isa = PBXFileReference; lastKnownFileType = sourcecode.swift; path = AppPreferences.swift; sourceTree = "<group>"; };
		C70AA3068E3596A674879EA8 /* MKS5LBootRunnerTests.swift */ = {isa = PBXFileReference; lastKnownFileType = sourcecode.swift; path = MKS5LBootRunnerTests.swift; sourceTree = "<group>"; };
		D178914E2E046B794D31DB18 /* BundledArtifactsTests.swift */ = {isa = PBXFileReference; lastKnownFileType = sourcecode.swift; path = BundledArtifactsTests.swift; sourceTree = "<group>"; };
		D282E9DFA0D773AF988E69E5 /* ID3Writer.swift */ = {isa = PBXFileReference; lastKnownFileType = sourcecode.swift; path = ID3Writer.swift; sourceTree = "<group>"; };
		D3F0CDAA153138813C9AF84E /* AuraDeviceProbe.swift */ = {isa = PBXFileReference; lastKnownFileType = sourcecode.swift; path = AuraDeviceProbe.swift; sourceTree = "<group>"; };
		D96F62F5D0767305583513FF /* TrackMetadata.swift */ = {isa = PBXFileReference; lastKnownFileType = sourcecode.swift; path = TrackMetadata.swift; sourceTree = "<group>"; };
		DAC2C915803E2ECA9BD01B52 /* PrivilegedActionSheet.swift */ = {isa = PBXFileReference; lastKnownFileType = sourcecode.swift; path = PrivilegedActionSheet.swift; sourceTree = "<group>"; };
		DAE64AFF0609F93FC361C6DE /* FFmpegTranscoder.swift */ = {isa = PBXFileReference; lastKnownFileType = sourcecode.swift; path = FFmpegTranscoder.swift; sourceTree = "<group>"; };
		DCAB2540DF3D52C88D6005CE /* rockbox.zip */ = {isa = PBXFileReference; lastKnownFileType = archive.zip; path = rockbox.zip; sourceTree = "<group>"; };
		E01FD2ED5703F8753781BE89 /* MediaSectionView.swift */ = {isa = PBXFileReference; lastKnownFileType = sourcecode.swift; path = MediaSectionView.swift; sourceTree = "<group>"; };
		E61823B2E8AA5E3069393A0E /* AMPAgentsGuard.swift */ = {isa = PBXFileReference; lastKnownFileType = sourcecode.swift; path = AMPAgentsGuard.swift; sourceTree = "<group>"; };
		E7EDF2D22E970198CC8A5C1B /* LiveEnrichmentIntegrationTests.swift */ = {isa = PBXFileReference; lastKnownFileType = sourcecode.swift; path = LiveEnrichmentIntegrationTests.swift; sourceTree = "<group>"; };
		EAC95668C5FEF76FAC67EE52 /* CoverArtArchiveClient.swift */ = {isa = PBXFileReference; lastKnownFileType = sourcecode.swift; path = CoverArtArchiveClient.swift; sourceTree = "<group>"; };
		F23689620B3C26365C6A2E5D /* MusicBrainzClient.swift */ = {isa = PBXFileReference; lastKnownFileType = sourcecode.swift; path = MusicBrainzClient.swift; sourceTree = "<group>"; };
		F462D2B7F9707F077FC4D782 /* BootModeView.swift */ = {isa = PBXFileReference; lastKnownFileType = sourcecode.swift; path = BootModeView.swift; sourceTree = "<group>"; };
		F527FF44025F6464CEC83FD6 /* RestoreHandoffView.swift */ = {isa = PBXFileReference; lastKnownFileType = sourcecode.swift; path = RestoreHandoffView.swift; sourceTree = "<group>"; };
		F52FF3A536F1C7FAFB6822B6 /* SettingsSectionView.swift */ = {isa = PBXFileReference; lastKnownFileType = sourcecode.swift; path = SettingsSectionView.swift; sourceTree = "<group>"; };
		FC202F1A3D9164B1E6014A84 /* CatalogSummary.swift */ = {isa = PBXFileReference; lastKnownFileType = sourcecode.swift; path = CatalogSummary.swift; sourceTree = "<group>"; };
		FEF3580937C6126B24998BB6 /* ID3WriterTests.swift */ = {isa = PBXFileReference; lastKnownFileType = sourcecode.swift; path = ID3WriterTests.swift; sourceTree = "<group>"; };
/* End PBXFileReference section */

/* Begin PBXGroup section */
		05B2324DA2DF820F4758883E /* Views */ = {
			isa = PBXGroup;
			children = (
				6E5C06E65D1A04EAD003DE49 /* BackContinueRow.swift */,
				F462D2B7F9707F077FC4D782 /* BootModeView.swift */,
				14D5A27F7EA14F700832333A /* ContentView.swift */,
				9EBCF1EF29547CD3B01B5C98 /* DetectDeviceView.swift */,
				7E7628837584B290697CA067 /* DeviceGeneralView.swift */,
				0116DC50EA8DBAE3B02AE0FB /* DoneView.swift */,
				7D3754C9E29F0BC93B660592 /* EnterDFUView.swift */,
				78C8C5A2B4594B410D4C51A4 /* ExtrasView.swift */,
				AC5F915258EC049BFC791B90 /* InstallerHomeView.swift */,
				1D4862DCA99696DCB66D2012 /* InstallerWizardView.swift */,
				B1782D4EBAA2C3FC3EBC49F5 /* InstallingView.swift */,
				E01FD2ED5703F8753781BE89 /* MediaSectionView.swift */,
				3F6B6DECD238B8538970C711 /* MetadataReviewView.swift */,
				777383A161FBD9C32BFA6D82 /* PermissionsView.swift */,
				B210703E5EF249635DE046AE /* PlaylistsView.swift */,
				DAC2C915803E2ECA9BD01B52 /* PrivilegedActionSheet.swift */,
				F527FF44025F6464CEC83FD6 /* RestoreHandoffView.swift */,
				F52FF3A536F1C7FAFB6822B6 /* SettingsSectionView.swift */,
				81FFE23337526451A7CC91E9 /* SourcesSettingsView.swift */,
				1AF1D56D4FC12419217F8960 /* WelcomeView.swift */,
			);
			path = Views;
			sourceTree = "<group>";
		};
		07D7B3164BE30742B9678DEC /* Products */ = {
			isa = PBXGroup;
			children = (
				942969FD7DB3DE501DDCA57C /* AuraStudio.app */,
				B9DF8DDA314F0AC41C9B3ECE /* AuraStudioTests.xctest */,
			);
			name = Products;
			sourceTree = "<group>";
		};
		0CBE9D4998D5B702EF397078 = {
			isa = PBXGroup;
			children = (
				51E31BF617A5BF599CCA3A75 /* Aura-Proyect */,
				D8D2047E51A8F78EB8B3B023 /* Resources */,
				4B0AB40ABB80B48429B4E34D /* Sources */,
				D8FEC30057F4FE03805035FB /* Tests */,
				07D7B3164BE30742B9678DEC /* Products */,
			);
			sourceTree = "<group>";
		};
		1176AC7E7F44DC767423DA93 /* Generated */ = {
			isa = PBXGroup;
			children = (
				4F4082F8F8734C49730074C2 /* AuraPalette.swift */,
			);
			path = Generated;
			sourceTree = "<group>";
		};
		2C87057B5024F943370F7AE2 /* AuraStudio */ = {
			isa = PBXGroup;
			children = (
				23AD4FC67C48B4550BD7554E /* AppDelegate.swift */,
				849AFADBA825BCE5775C3217 /* AuraStudioApp.swift */,
				1176AC7E7F44DC767423DA93 /* Generated */,
				7948EDFB2DF2F57011A12D0B /* Models */,
				E662BD5C24C1D975800686C0 /* Services */,
				30515D945A5BA12E4E5B2F05 /* ViewModels */,
				05B2324DA2DF820F4758883E /* Views */,
			);
			path = AuraStudio;
			sourceTree = "<group>";
		};
		30515D945A5BA12E4E5B2F05 /* ViewModels */ = {
			isa = PBXGroup;
			children = (
				3EBEB24F597D3C9B609AC775 /* InstallerViewModel.swift */,
				9934433E994EDDAAFB584100 /* LibraryViewModel.swift */,
			);
			path = ViewModels;
			sourceTree = "<group>";
		};
		4B0AB40ABB80B48429B4E34D /* Sources */ = {
			isa = PBXGroup;
			children = (
				2C87057B5024F943370F7AE2 /* AuraStudio */,
			);
			path = Sources;
			sourceTree = "<group>";
		};
		51E31BF617A5BF599CCA3A75 /* Aura-Proyect */ = {
			isa = PBXGroup;
			children = (
				73DFD6B424F0816C381A2CEC /* firmware */,
			);
			name = "Aura-Proyect";
			path = ../..;
			sourceTree = "<group>";
		};
		58C374D9709EECCD9F0246D6 /* dist */ = {
			isa = PBXGroup;
			children = (
				233A4D4A9FEE1391D6CAAE63 /* bootloader-ipod6g.ipod */,
				2F9BF12646626E5E5CFC2BFD /* checksums.txt */,
				BE004499B3409D8B9E5D14ED /* mks5lboot */,
				84780DEDBB3409D2FFE454A0 /* rockbox.ipod */,
				DCAB2540DF3D52C88D6005CE /* rockbox.zip */,
			);
			path = dist;
			sourceTree = "<group>";
		};
		73DFD6B424F0816C381A2CEC /* firmware */ = {
			isa = PBXGroup;
			children = (
				58C374D9709EECCD9F0246D6 /* dist */,
			);
			path = firmware;
			sourceTree = "<group>";
		};
		7948EDFB2DF2F57011A12D0B /* Models */ = {
			isa = PBXGroup;
			children = (
				BE8C778BC2609D4718EBBC45 /* AppPreferences.swift */,
				A2AFC6DCF7F164C535175071 /* AppStrings.swift */,
				16512FA37AC623A52F006219 /* AuraDevice.swift */,
				FC202F1A3D9164B1E6014A84 /* CatalogSummary.swift */,
				5FA85A3E42CB4E67E9DAC4E5 /* DeviceState.swift */,
				43B9358C341DF6C281F2636B /* InstallerStep.swift */,
				62E6C2892E84F33B9EF97D15 /* LibraryItem.swift */,
				093B5EA51C45529C66A3640F /* LibraryPersistence.swift */,
				A92C5F3EC062AD8FA6D8B4FA /* Playlist.swift */,
				D96F62F5D0767305583513FF /* TrackMetadata.swift */,
			);
			path = Models;
			sourceTree = "<group>";
		};
		A5ECE9688B377042A1F744C1 /* AuraStudioTests */ = {
			isa = PBXGroup;
			children = (
				72773374D5D4C62732AA92F3 /* AuraDeviceProbeTests.swift */,
				D178914E2E046B794D31DB18 /* BundledArtifactsTests.swift */,
				AC0636DEF76695EC784AFCE2 /* CatalogSummaryWriterTests.swift */,
				AE684D9789506522C7BF0228 /* FFmpegTranscoderTests.swift */,
				37BA124E3419E12A08D4AADC /* FilenameGuesserTests.swift */,
				FEF3580937C6126B24998BB6 /* ID3WriterTests.swift */,
				A077ACC4534A70565AC6B622 /* IPodDiskIdentifierTests.swift */,
				17FA97DC7618F234BE711AED /* LibraryPipelineIntegrationTests.swift */,
				8F2CDF7B36135811140A2B3E /* LibrarySyncMusicPathTests.swift */,
				1695E842D41B0B6B13805A1E /* LibrarySyncTests.swift */,
				E7EDF2D22E970198CC8A5C1B /* LiveEnrichmentIntegrationTests.swift */,
				C70AA3068E3596A674879EA8 /* MKS5LBootRunnerTests.swift */,
				B0E14855D7F760E14EB547DE /* MusicBrainzRateLimiterTests.swift */,
				A0CF9C66B5F702F5086AFE98 /* PathSanitizerTests.swift */,
				7F307EFCD3106FEFB532DF8E /* PlaylistExporterTests.swift */,
				8F0A3F90A397101E33636987 /* PrivilegedExecutorTests.swift */,
				B6A56207E06BF883E789308E /* SyncPlannerTests.swift */,
				6311C9925925969ED5716A25 /* WrongVolumeRegressionTests.swift */,
			);
			path = AuraStudioTests;
			sourceTree = "<group>";
		};
		D8D2047E51A8F78EB8B3B023 /* Resources */ = {
			isa = PBXGroup;
			children = (
				7C461CE371AB2C341CE751F2 /* AppIcon.icon */,
			);
			path = Resources;
			sourceTree = "<group>";
		};
		D8FEC30057F4FE03805035FB /* Tests */ = {
			isa = PBXGroup;
			children = (
				A5ECE9688B377042A1F744C1 /* AuraStudioTests */,
			);
			path = Tests;
			sourceTree = "<group>";
		};
		E662BD5C24C1D975800686C0 /* Services */ = {
			isa = PBXGroup;
			children = (
				E61823B2E8AA5E3069393A0E /* AMPAgentsGuard.swift */,
				D3F0CDAA153138813C9AF84E /* AuraDeviceProbe.swift */,
				B9961D8C11B7031D474CB9BE /* AuraUpdateChecker.swift */,
				B8464D5E55C66D32740C7289 /* BundledArtifacts.swift */,
				EAC95668C5FEF76FAC67EE52 /* CoverArtArchiveClient.swift */,
				638FD209E9AF6417EE51ABC7 /* DiskArbitrationMonitor.swift */,
				DAE64AFF0609F93FC361C6DE /* FFmpegTranscoder.swift */,
				D282E9DFA0D773AF988E69E5 /* ID3Writer.swift */,
				3DC865282F8B113716D7C3AF /* ImageResizer.swift */,
				B34640ACD3AC36633502AE41 /* InstallerFlowRegistry.swift */,
				2B7808E74C42090DED30DCD9 /* IPodDiskIdentifier.swift */,
				117BF63B29CADB076B19CA27 /* IPodMonitor.swift */,
				206063864F8205232A3581AE /* LibraryEnricher.swift */,
				48CC2E3940E0EC5127461CB5 /* LibrarySync.swift */,
				2A3A899326AAAF78FF4F60C7 /* LRCLIBClient.swift */,
				722702AD0F209BDEA893FA8D /* MKS5LBootRunner.swift */,
				F23689620B3C26365C6A2E5D /* MusicBrainzClient.swift */,
				1290E12A3C253DAFF9B79163 /* MusicBrainzRateLimiter.swift */,
				35D5B4EBBD054DC5C0C28307 /* PathSanitizer.swift */,
				0E68A879A0F3418A7220030C /* PlaylistExporter.swift */,
				22A9408836FAEA82165D554C /* PrivilegedExecutor.swift */,
				AE8F6F2E2EDB8723F37503FF /* PrivilegedOperationLog.swift */,
			);
			path = Services;
			sourceTree = "<group>";
		};
/* End PBXGroup section */

/* Begin PBXNativeTarget section */
		90960830425E3F5C7DCA1DC5 /* AuraStudioTests */ = {
			isa = PBXNativeTarget;
			buildConfigurationList = BD221602A2FB5C970DA144B1 /* Build configuration list for PBXNativeTarget "AuraStudioTests" */;
			buildPhases = (
				5DF41385AD83BA8E5C2BD9BE /* Sources */,
			);
			buildRules = (
			);
			dependencies = (
				B6EF60A9622C10CD9E698F9F /* PBXTargetDependency */,
			);
			name = AuraStudioTests;
			packageProductDependencies = (
			);
			productName = AuraStudioTests;
			productReference = B9DF8DDA314F0AC41C9B3ECE /* AuraStudioTests.xctest */;
			productType = "com.apple.product-type.bundle.unit-test";
		};
		A458A7ACC2A617A8909ADE93 /* AuraStudio */ = {
			isa = PBXNativeTarget;
			buildConfigurationList = 16A919360ED16A945EFBE313 /* Build configuration list for PBXNativeTarget "AuraStudio" */;
			buildPhases = (
				C8A58921C82B2359E68F4B94 /* Sources */,
				850321AE0C8813709FD46688 /* Resources */,
			);
			buildRules = (
			);
			dependencies = (
			);
			name = AuraStudio;
			packageProductDependencies = (
			);
			productName = AuraStudio;
			productReference = 942969FD7DB3DE501DDCA57C /* AuraStudio.app */;
			productType = "com.apple.product-type.application";
		};
/* End PBXNativeTarget section */

/* Begin PBXProject section */
		AC16FD332100051C2317B27E /* Project object */ = {
			isa = PBXProject;
			attributes = {
				BuildIndependentTargetsInParallel = YES;
				LastUpgradeCheck = 1430;
				TargetAttributes = {
					90960830425E3F5C7DCA1DC5 = {
						DevelopmentTeam = "";
						ProvisioningStyle = Manual;
					};
					A458A7ACC2A617A8909ADE93 = {
						DevelopmentTeam = "";
						ProvisioningStyle = Manual;
					};
				};
			};
			buildConfigurationList = C82133420D30486632A2E34F /* Build configuration list for PBXProject "AuraStudio" */;
			developmentRegion = en;
			hasScannedForEncodings = 0;
			knownRegions = (
				Base,
				en,
			);
			mainGroup = 0CBE9D4998D5B702EF397078;
			minimizedProjectReferenceProxies = 1;
			preferredProjectObjectVersion = 77;
			productRefGroup = 07D7B3164BE30742B9678DEC /* Products */;
			projectDirPath = "";
			projectRoot = "";
			targets = (
				A458A7ACC2A617A8909ADE93 /* AuraStudio */,
				90960830425E3F5C7DCA1DC5 /* AuraStudioTests */,
			);
		};
/* End PBXProject section */

/* Begin PBXResourcesBuildPhase section */
		850321AE0C8813709FD46688 /* Resources */ = {
			isa = PBXResourcesBuildPhase;
			buildActionMask = 2147483647;
			files = (
				57300DFC7BAED2805920E29F /* AppIcon.icon in Resources */,
				998B6DF4B6AC0FEE21284A8E /* bootloader-ipod6g.ipod in Resources */,
				C76F4EF9962D5866CA044718 /* checksums.txt in Resources */,
				3D68D3D80AE46A56B0BF89EE /* mks5lboot in Resources */,
				35AD525641C3EEBF3F3D49BE /* rockbox.ipod in Resources */,
				E2C4FB72724E22F3BC050329 /* rockbox.zip in Resources */,
			);
			runOnlyForDeploymentPostprocessing = 0;
		};
/* End PBXResourcesBuildPhase section */

/* Begin PBXSourcesBuildPhase section */
		5DF41385AD83BA8E5C2BD9BE /* Sources */ = {
			isa = PBXSourcesBuildPhase;
			buildActionMask = 2147483647;
			files = (
				D8363DAB3183238539D733A5 /* AuraDeviceProbeTests.swift in Sources */,
				C3AD25FC7C3C2CE8C2F3AD6F /* BundledArtifactsTests.swift in Sources */,
				A97401AE31F2CC10AB44DDCD /* CatalogSummaryWriterTests.swift in Sources */,
				07B5993B76FBF1735ADA8AF2 /* FFmpegTranscoderTests.swift in Sources */,
				BD809465DDDA7B9453FDAB86 /* FilenameGuesserTests.swift in Sources */,
				62666A4A9BF729B61C851F76 /* ID3WriterTests.swift in Sources */,
				00B2C34B8394853F21116615 /* IPodDiskIdentifierTests.swift in Sources */,
				0183BFA3AF5209C411B41F36 /* LibraryPipelineIntegrationTests.swift in Sources */,
				8C2ED0BC3B41CA56C08D20E8 /* LibrarySyncMusicPathTests.swift in Sources */,
				397F1385C6FF0BA8618B7956 /* LibrarySyncTests.swift in Sources */,
				BC30BF47ADCC5F66B79045A1 /* LiveEnrichmentIntegrationTests.swift in Sources */,
				51B2A64027ACA8FC73EB923A /* MKS5LBootRunnerTests.swift in Sources */,
				982F00F48C834DC4C0F57A3A /* MusicBrainzRateLimiterTests.swift in Sources */,
				DEAC726F9577D617DFFC7D68 /* PathSanitizerTests.swift in Sources */,
				7F80040C49B6F9BAEC7C4EB4 /* PlaylistExporterTests.swift in Sources */,
				3CA0A3911ADDD2EED7918743 /* PrivilegedExecutorTests.swift in Sources */,
				3C55D1529747E73BFE103166 /* SyncPlannerTests.swift in Sources */,
				E617862594C959DC59CE1C8E /* WrongVolumeRegressionTests.swift in Sources */,
			);
			runOnlyForDeploymentPostprocessing = 0;
		};
		C8A58921C82B2359E68F4B94 /* Sources */ = {
			isa = PBXSourcesBuildPhase;
			buildActionMask = 2147483647;
			files = (
				0B552ACC010F0B14110CB36D /* AMPAgentsGuard.swift in Sources */,
				C6CF154C89DCC0132D58E648 /* AppDelegate.swift in Sources */,
				1031FC473EBDA945D4D42AB6 /* AppPreferences.swift in Sources */,
				666C116F404FC775C15FFEAD /* AppStrings.swift in Sources */,
				2E42011A249AF7A131CF660B /* AuraDevice.swift in Sources */,
				CD9B6AC91C5AECCDB4A6DC44 /* AuraDeviceProbe.swift in Sources */,
				14B0C14393E1FF6AC7FACCFF /* AuraPalette.swift in Sources */,
				203D6E1800BE63DFE89AB1C8 /* AuraStudioApp.swift in Sources */,
				7128F973A9D8E656F326EB9F /* AuraUpdateChecker.swift in Sources */,
				87EB236DAA29660FD987218F /* BackContinueRow.swift in Sources */,
				D0949902B40FBA74F1D9D0D6 /* BootModeView.swift in Sources */,
				5EDA0D1DF2BC765B8F8D473B /* BundledArtifacts.swift in Sources */,
				ABAA0A8B49C9C4BA781A5A09 /* CatalogSummary.swift in Sources */,
				401404E1D0A6D6FFBB155F2C /* ContentView.swift in Sources */,
				135A255167C64B601EFF2854 /* CoverArtArchiveClient.swift in Sources */,
				229BC6502A44F54DA47121F9 /* DetectDeviceView.swift in Sources */,
				3F24271B399390E28A24C5A2 /* DeviceGeneralView.swift in Sources */,
				D99E5C4BE2135ED2B2CDDFEE /* DeviceState.swift in Sources */,
				B1845030E08621FDF34358FA /* DiskArbitrationMonitor.swift in Sources */,
				2F898C1996F39319211E9496 /* DoneView.swift in Sources */,
				11CC4D739B622CDD58E486D8 /* EnterDFUView.swift in Sources */,
				EEF0D749E12D2A5E082CCC60 /* ExtrasView.swift in Sources */,
				31C1B49208706DAD1BB8E579 /* FFmpegTranscoder.swift in Sources */,
				B9F991F96D02DF1AD4B32042 /* ID3Writer.swift in Sources */,
				37963AC2396257E4C78DB6B8 /* IPodDiskIdentifier.swift in Sources */,
				1F8C7964D7763A72A86F1CF1 /* IPodMonitor.swift in Sources */,
				94C6E0F1AA6F37EF6B4CB32A /* ImageResizer.swift in Sources */,
				F826489C2A3E807E5630E15D /* InstallerFlowRegistry.swift in Sources */,
				BB4E4B852CE6983C0E856BBA /* InstallerHomeView.swift in Sources */,
				A70B8FE54D8521EEBAB23BBB /* InstallerStep.swift in Sources */,
				9C53C3873A4C5F484CCC3858 /* InstallerViewModel.swift in Sources */,
				9CEBAACAA11BE3313233D7ED /* InstallerWizardView.swift in Sources */,
				BD5FCF9DC5CB88162B2673C0 /* InstallingView.swift in Sources */,
				39A338816342C5D315399C77 /* LRCLIBClient.swift in Sources */,
				B3674CA82A35D45F26989B93 /* LibraryEnricher.swift in Sources */,
				4CE07ED3A6AF6A3EA04D9A2C /* LibraryItem.swift in Sources */,
				C3ED448AEE28EACD02E4E2CC /* LibraryPersistence.swift in Sources */,
				52A43D8ECC2CBF2433EA1B31 /* LibrarySync.swift in Sources */,
				206225C0AE68BC4EF3EA9CBF /* LibraryViewModel.swift in Sources */,
				9FDD21617909191BB7E9B9CE /* MKS5LBootRunner.swift in Sources */,
				027D6C9BFF2A5C75BFBA2FE7 /* MediaSectionView.swift in Sources */,
				2714D8A1BC0FF1725A03CF14 /* MetadataReviewView.swift in Sources */,
				0D024EF762350292ACCC5474 /* MusicBrainzClient.swift in Sources */,
				3C783558D1453D0413B42079 /* MusicBrainzRateLimiter.swift in Sources */,
				4B759AD84EC1F5D6DD7ACD26 /* PathSanitizer.swift in Sources */,
				F745EA7E70AE91DF77279194 /* PermissionsView.swift in Sources */,
				D97EFA41FAC51A50DC04A8F4 /* Playlist.swift in Sources */,
				91FE918C092C1349381F3D67 /* PlaylistExporter.swift in Sources */,
				000B2ECE74548136F5ACA1F4 /* PlaylistsView.swift in Sources */,
				09F680A84694ED166E42E622 /* PrivilegedActionSheet.swift in Sources */,
				D4AD421F984F0CACB047168D /* PrivilegedExecutor.swift in Sources */,
				10EF0307FD5A491426F20395 /* PrivilegedOperationLog.swift in Sources */,
				B8DE9892192CAACED7ECC3BD /* RestoreHandoffView.swift in Sources */,
				A801BD6910D0A5909C8AF4C1 /* SettingsSectionView.swift in Sources */,
				8AD67D72A40880D5F0293335 /* SourcesSettingsView.swift in Sources */,
				04F788FCD4F07563E5750ED9 /* TrackMetadata.swift in Sources */,
				ECBCFCC6104EA5F8E3F445BF /* WelcomeView.swift in Sources */,
			);
			runOnlyForDeploymentPostprocessing = 0;
		};
/* End PBXSourcesBuildPhase section */

/* Begin PBXTargetDependency section */
		B6EF60A9622C10CD9E698F9F /* PBXTargetDependency */ = {
			isa = PBXTargetDependency;
			target = A458A7ACC2A617A8909ADE93 /* AuraStudio */;
			targetProxy = A9AB83E7359F54A87BF49D74 /* PBXContainerItemProxy */;
		};
/* End PBXTargetDependency section */

/* Begin XCBuildConfiguration section */
		153BF5586433A997E0B4A6DA /* Release */ = {
			isa = XCBuildConfiguration;
			buildSettings = {
				ASSETCATALOG_COMPILER_APPICON_NAME = AppIcon;
				ASSETCATALOG_COMPILER_INCLUDE_ALL_APPICON_ASSETS = YES;
				COMBINE_HIDPI_IMAGES = YES;
				CURRENT_PROJECT_VERSION = 1;
				GENERATE_INFOPLIST_FILE = NO;
				INFOPLIST_FILE = Resources/Info.plist;
				INFOPLIST_KEY_NSHumanReadableCopyright = "Aura Studio";
				LD_RUNPATH_SEARCH_PATHS = (
					"$(inherited)",
					"@executable_path/../Frameworks",
				);
				MARKETING_VERSION = 0.1.2;
				PRODUCT_BUNDLE_IDENTIFIER = com.ricolinos.aurastudio;
				SDKROOT = macosx;
			};
			name = Release;
		};
		33504DEBE3943BC4153AAE90 /* Debug */ = {
			isa = XCBuildConfiguration;
			buildSettings = {
				ALWAYS_SEARCH_USER_PATHS = NO;
				CLANG_ANALYZER_NONNULL = YES;
				CLANG_ANALYZER_NUMBER_OBJECT_CONVERSION = YES_AGGRESSIVE;
				CLANG_CXX_LANGUAGE_STANDARD = "gnu++14";
				CLANG_CXX_LIBRARY = "libc++";
				CLANG_ENABLE_MODULES = YES;
				CLANG_ENABLE_OBJC_ARC = YES;
				CLANG_ENABLE_OBJC_WEAK = YES;
				CLANG_WARN_BLOCK_CAPTURE_AUTORELEASING = YES;
				CLANG_WARN_BOOL_CONVERSION = YES;
				CLANG_WARN_COMMA = YES;
				CLANG_WARN_CONSTANT_CONVERSION = YES;
				CLANG_WARN_DEPRECATED_OBJC_IMPLEMENTATIONS = YES;
				CLANG_WARN_DIRECT_OBJC_ISA_USAGE = YES_ERROR;
				CLANG_WARN_DOCUMENTATION_COMMENTS = YES;
				CLANG_WARN_EMPTY_BODY = YES;
				CLANG_WARN_ENUM_CONVERSION = YES;
				CLANG_WARN_INFINITE_RECURSION = YES;
				CLANG_WARN_INT_CONVERSION = YES;
				CLANG_WARN_NON_LITERAL_NULL_CONVERSION = YES;
				CLANG_WARN_OBJC_IMPLICIT_RETAIN_SELF = YES;
				CLANG_WARN_OBJC_LITERAL_CONVERSION = YES;
				CLANG_WARN_OBJC_ROOT_CLASS = YES_ERROR;
				CLANG_WARN_QUOTED_INCLUDE_IN_FRAMEWORK_HEADER = YES;
				CLANG_WARN_RANGE_LOOP_ANALYSIS = YES;
				CLANG_WARN_STRICT_PROTOTYPES = YES;
				CLANG_WARN_SUSPICIOUS_MOVE = YES;
				CLANG_WARN_UNGUARDED_AVAILABILITY = YES_AGGRESSIVE;
				CLANG_WARN_UNREACHABLE_CODE = YES;
				CLANG_WARN__DUPLICATE_METHOD_MATCH = YES;
				CODE_SIGN_IDENTITY = "-";
				CODE_SIGN_STYLE = Manual;
				COPY_PHASE_STRIP = NO;
				DEBUG_INFORMATION_FORMAT = dwarf;
				DEVELOPMENT_TEAM = "";
				ENABLE_APP_SANDBOX = NO;
				ENABLE_HARDENED_RUNTIME = NO;
				ENABLE_STRICT_OBJC_MSGSEND = YES;
				ENABLE_TESTABILITY = YES;
				GCC_C_LANGUAGE_STANDARD = gnu11;
				GCC_DYNAMIC_NO_PIC = NO;
				GCC_NO_COMMON_BLOCKS = YES;
				GCC_OPTIMIZATION_LEVEL = 0;
				GCC_PREPROCESSOR_DEFINITIONS = (
					"$(inherited)",
					"DEBUG=1",
				);
				GCC_WARN_64_TO_32_BIT_CONVERSION = YES;
				GCC_WARN_ABOUT_RETURN_TYPE = YES_ERROR;
				GCC_WARN_UNDECLARED_SELECTOR = YES;
				GCC_WARN_UNINITIALIZED_AUTOS = YES_AGGRESSIVE;
				GCC_WARN_UNUSED_FUNCTION = YES;
				GCC_WARN_UNUSED_VARIABLE = YES;
				MACOSX_DEPLOYMENT_TARGET = 13.0;
				MTL_ENABLE_DEBUG_INFO = INCLUDE_SOURCE;
				MTL_FAST_MATH = YES;
				ONLY_ACTIVE_ARCH = YES;
				PRODUCT_NAME = "$(TARGET_NAME)";
				SDKROOT = macosx;
				SWIFT_ACTIVE_COMPILATION_CONDITIONS = DEBUG;
				SWIFT_OPTIMIZATION_LEVEL = "-Onone";
				SWIFT_VERSION = 6.0;
			};
			name = Debug;
		};
		4923EB412C60304B2A5BF2EE /* Release */ = {
			isa = XCBuildConfiguration;
			buildSettings = {
				ALWAYS_SEARCH_USER_PATHS = NO;
				CLANG_ANALYZER_NONNULL = YES;
				CLANG_ANALYZER_NUMBER_OBJECT_CONVERSION = YES_AGGRESSIVE;
				CLANG_CXX_LANGUAGE_STANDARD = "gnu++14";
				CLANG_CXX_LIBRARY = "libc++";
				CLANG_ENABLE_MODULES = YES;
				CLANG_ENABLE_OBJC_ARC = YES;
				CLANG_ENABLE_OBJC_WEAK = YES;
				CLANG_WARN_BLOCK_CAPTURE_AUTORELEASING = YES;
				CLANG_WARN_BOOL_CONVERSION = YES;
				CLANG_WARN_COMMA = YES;
				CLANG_WARN_CONSTANT_CONVERSION = YES;
				CLANG_WARN_DEPRECATED_OBJC_IMPLEMENTATIONS = YES;
				CLANG_WARN_DIRECT_OBJC_ISA_USAGE = YES_ERROR;
				CLANG_WARN_DOCUMENTATION_COMMENTS = YES;
				CLANG_WARN_EMPTY_BODY = YES;
				CLANG_WARN_ENUM_CONVERSION = YES;
				CLANG_WARN_INFINITE_RECURSION = YES;
				CLANG_WARN_INT_CONVERSION = YES;
				CLANG_WARN_NON_LITERAL_NULL_CONVERSION = YES;
				CLANG_WARN_OBJC_IMPLICIT_RETAIN_SELF = YES;
				CLANG_WARN_OBJC_LITERAL_CONVERSION = YES;
				CLANG_WARN_OBJC_ROOT_CLASS = YES_ERROR;
				CLANG_WARN_QUOTED_INCLUDE_IN_FRAMEWORK_HEADER = YES;
				CLANG_WARN_RANGE_LOOP_ANALYSIS = YES;
				CLANG_WARN_STRICT_PROTOTYPES = YES;
				CLANG_WARN_SUSPICIOUS_MOVE = YES;
				CLANG_WARN_UNGUARDED_AVAILABILITY = YES_AGGRESSIVE;
				CLANG_WARN_UNREACHABLE_CODE = YES;
				CLANG_WARN__DUPLICATE_METHOD_MATCH = YES;
				CODE_SIGN_IDENTITY = "-";
				CODE_SIGN_STYLE = Manual;
				COPY_PHASE_STRIP = NO;
				DEBUG_INFORMATION_FORMAT = "dwarf-with-dsym";
				DEVELOPMENT_TEAM = "";
				ENABLE_APP_SANDBOX = NO;
				ENABLE_HARDENED_RUNTIME = NO;
				ENABLE_NS_ASSERTIONS = NO;
				ENABLE_STRICT_OBJC_MSGSEND = YES;
				GCC_C_LANGUAGE_STANDARD = gnu11;
				GCC_NO_COMMON_BLOCKS = YES;
				GCC_WARN_64_TO_32_BIT_CONVERSION = YES;
				GCC_WARN_ABOUT_RETURN_TYPE = YES_ERROR;
				GCC_WARN_UNDECLARED_SELECTOR = YES;
				GCC_WARN_UNINITIALIZED_AUTOS = YES_AGGRESSIVE;
				GCC_WARN_UNUSED_FUNCTION = YES;
				GCC_WARN_UNUSED_VARIABLE = YES;
				MACOSX_DEPLOYMENT_TARGET = 13.0;
				MTL_ENABLE_DEBUG_INFO = NO;
				MTL_FAST_MATH = YES;
				PRODUCT_NAME = "$(TARGET_NAME)";
				SDKROOT = macosx;
				SWIFT_COMPILATION_MODE = wholemodule;
				SWIFT_OPTIMIZATION_LEVEL = "-O";
				SWIFT_VERSION = 6.0;
			};
			name = Release;
		};
		49A0257D58CD9A31C925B2A6 /* Release */ = {
			isa = XCBuildConfiguration;
			buildSettings = {
				BUNDLE_LOADER = "$(TEST_HOST)";
				COMBINE_HIDPI_IMAGES = YES;
				GENERATE_INFOPLIST_FILE = YES;
				LD_RUNPATH_SEARCH_PATHS = (
					"$(inherited)",
					"@executable_path/../Frameworks",
					"@loader_path/../Frameworks",
				);
				PRODUCT_BUNDLE_IDENTIFIER = com.ricolinos.aurastudio.tests;
				SDKROOT = macosx;
				TEST_HOST = "$(BUILT_PRODUCTS_DIR)/AuraStudio.app/Contents/MacOS/AuraStudio";
			};
			name = Release;
		};
		6D88DA6CDBDBB062F4C4EA5D /* Debug */ = {
			isa = XCBuildConfiguration;
			buildSettings = {
				BUNDLE_LOADER = "$(TEST_HOST)";
				COMBINE_HIDPI_IMAGES = YES;
				GENERATE_INFOPLIST_FILE = YES;
				LD_RUNPATH_SEARCH_PATHS = (
					"$(inherited)",
					"@executable_path/../Frameworks",
					"@loader_path/../Frameworks",
				);
				PRODUCT_BUNDLE_IDENTIFIER = com.ricolinos.aurastudio.tests;
				SDKROOT = macosx;
				TEST_HOST = "$(BUILT_PRODUCTS_DIR)/AuraStudio.app/Contents/MacOS/AuraStudio";
			};
			name = Debug;
		};
		EA569CBC3AD0F1D5133E0FB0 /* Debug */ = {
			isa = XCBuildConfiguration;
			buildSettings = {
				ASSETCATALOG_COMPILER_APPICON_NAME = AppIcon;
				ASSETCATALOG_COMPILER_INCLUDE_ALL_APPICON_ASSETS = YES;
				COMBINE_HIDPI_IMAGES = YES;
				CURRENT_PROJECT_VERSION = 1;
				GENERATE_INFOPLIST_FILE = NO;
				INFOPLIST_FILE = Resources/Info.plist;
				INFOPLIST_KEY_NSHumanReadableCopyright = "Aura Studio";
				LD_RUNPATH_SEARCH_PATHS = (
					"$(inherited)",
					"@executable_path/../Frameworks",
				);
				MARKETING_VERSION = 0.1.2;
				PRODUCT_BUNDLE_IDENTIFIER = com.ricolinos.aurastudio;
				SDKROOT = macosx;
			};
			name = Debug;
		};
/* End XCBuildConfiguration section */

/* Begin XCConfigurationList section */
		16A919360ED16A945EFBE313 /* Build configuration list for PBXNativeTarget "AuraStudio" */ = {
			isa = XCConfigurationList;
			buildConfigurations = (
				EA569CBC3AD0F1D5133E0FB0 /* Debug */,
				153BF5586433A997E0B4A6DA /* Release */,
			);
			defaultConfigurationIsVisible = 0;
			defaultConfigurationName = Debug;
		};
		BD221602A2FB5C970DA144B1 /* Build configuration list for PBXNativeTarget "AuraStudioTests" */ = {
			isa = XCConfigurationList;
			buildConfigurations = (
				6D88DA6CDBDBB062F4C4EA5D /* Debug */,
				49A0257D58CD9A31C925B2A6 /* Release */,
			);
			defaultConfigurationIsVisible = 0;
			defaultConfigurationName = Debug;
		};
		C82133420D30486632A2E34F /* Build configuration list for PBXProject "AuraStudio" */ = {
			isa = XCConfigurationList;
			buildConfigurations = (
				33504DEBE3943BC4153AAE90 /* Debug */,
				4923EB412C60304B2A5BF2EE /* Release */,
			);
			defaultConfigurationIsVisible = 0;
			defaultConfigurationName = Debug;
		};
/* End XCConfigurationList section */
	};
	rootObject = AC16FD332100051C2317B27E /* Project object */;
}
